// !$*UTF8*$!
{
	archiveVersion = 1;
	classes = {
	};
	objectVersion = 46;
	objects = {

/* Begin PBXBuildFile section */
		5239DDCC1CCA52780005F76C /* WalkTroughViewController.m in Sources */ = {isa = PBXBuildFile; fileRef = 5239DDCB1CCA52780005F76C /* WalkTroughViewController.m */; };
		529C92321CCA1799009C8936 /* Main.storyboard in Resources */ = {isa = PBXBuildFile; fileRef = 529C92341CCA1799009C8936 /* Main.storyboard */; };
		529C92371CCA1BAF009C8936 /* TaskTableViewCell.m in Sources */ = {isa = PBXBuildFile; fileRef = 529C92361CCA1BAF009C8936 /* TaskTableViewCell.m */; };
		52B3AF3C1CCE3F8800529B95 /* WalktroughCollectionViewCell.m in Sources */ = {isa = PBXBuildFile; fileRef = 52B3AF3B1CCE3F8800529B95 /* WalktroughCollectionViewCell.m */; };
		52B3AF421CCE48E200529B95 /* WalkthroughItem.m in Sources */ = {isa = PBXBuildFile; fileRef = 52B3AF411CCE48E200529B95 /* WalkthroughItem.m */; };
		F40490271CE35A7000A68732 /* DataManager.m in Sources */ = {isa = PBXBuildFile; fileRef = F40490261CE35A7000A68732 /* DataManager.m */; };
		F40490291CE35B4A00A68732 /* MapKit.framework in Frameworks */ = {isa = PBXBuildFile; fileRef = F40490281CE35B4A00A68732 /* MapKit.framework */; };
		F404902B1CE35B5500A68732 /* CoreData.framework in Frameworks */ = {isa = PBXBuildFile; fileRef = F404902A1CE35B5500A68732 /* CoreData.framework */; };
		F40810381CEC880D0072E7FE /* MenuView.m in Sources */ = {isa = PBXBuildFile; fileRef = F40810371CEC880D0072E7FE /* MenuView.m */; };
		F408103A1CEC88540072E7FE /* MenuView.xib in Resources */ = {isa = PBXBuildFile; fileRef = F40810391CEC88540072E7FE /* MenuView.xib */; };
		F4131A4C1CF33D41008040DB /* Helpers.m in Sources */ = {isa = PBXBuildFile; fileRef = F4131A4B1CF33D41008040DB /* Helpers.m */; };
		F42448E01CF5DAB800B65F2F /* Task+CoreDataProperties.m in Sources */ = {isa = PBXBuildFile; fileRef = F42448DD1CF5DAB800B65F2F /* Task+CoreDataProperties.m */; };
		F42448E11CF5DAB800B65F2F /* Task.m in Sources */ = {isa = PBXBuildFile; fileRef = F42448DF1CF5DAB800B65F2F /* Task.m */; };
		F440DBAD1CAC061400E335BF /* LoginViewController.m in Sources */ = {isa = PBXBuildFile; fileRef = F440DBAC1CAC061400E335BF /* LoginViewController.m */; };
		F440DBB01CAC08D500E335BF /* SignupViewController.m in Sources */ = {isa = PBXBuildFile; fileRef = F440DBAF1CAC08D500E335BF /* SignupViewController.m */; };
		F44C771E1CA9677F0077F1D3 /* main.m in Sources */ = {isa = PBXBuildFile; fileRef = F44C771D1CA9677F0077F1D3 /* main.m */; };
		F44C77211CA9677F0077F1D3 /* AppDelegate.m in Sources */ = {isa = PBXBuildFile; fileRef = F44C77201CA9677F0077F1D3 /* AppDelegate.m */; };
		F44C77241CA9677F0077F1D3 /* ViewController.m in Sources */ = {isa = PBXBuildFile; fileRef = F44C77231CA9677F0077F1D3 /* ViewController.m */; };
		F44C772A1CA9677F0077F1D3 /* ToDo.xcdatamodeld in Sources */ = {isa = PBXBuildFile; fileRef = F44C77281CA9677F0077F1D3 /* ToDo.xcdatamodeld */; };
		F44C772C1CA9677F0077F1D3 /* Assets.xcassets in Resources */ = {isa = PBXBuildFile; fileRef = F44C772B1CA9677F0077F1D3 /* Assets.xcassets */; };
		F44C772F1CA9677F0077F1D3 /* LaunchScreen.storyboard in Resources */ = {isa = PBXBuildFile; fileRef = F44C772D1CA9677F0077F1D3 /* LaunchScreen.storyboard */; };
		F44C773C1CA974D50077F1D3 /* CoreLocation.framework in Frameworks */ = {isa = PBXBuildFile; fileRef = F44C773B1CA974D50077F1D3 /* CoreLocation.framework */; };
		F4D1F4691CEF2B5900B28D04 /* TaskDetailsViewController.m in Sources */ = {isa = PBXBuildFile; fileRef = F4D1F4681CEF2B5900B28D04 /* TaskDetailsViewController.m */; };
		F4D1F46C1CEF3F5D00B28D04 /* UIViewController+Utilities.m in Sources */ = {isa = PBXBuildFile; fileRef = F4D1F46B1CEF3F5D00B28D04 /* UIViewController+Utilities.m */; };
		F4DF0AC61CB7ED36008C13AA /* HomeViewController.m in Sources */ = {isa = PBXBuildFile; fileRef = F4DF0AC51CB7ED36008C13AA /* HomeViewController.m */; };
		F4F6B8EA1CDA27B40000FB28 /* StatisticsViewController.m in Sources */ = {isa = PBXBuildFile; fileRef = F4F6B8E91CDA27B40000FB28 /* StatisticsViewController.m */; };
		F4F6B8EE1CDA2E3D0000FB28 /* WebViewController.m in Sources */ = {isa = PBXBuildFile; fileRef = F4F6B8ED1CDA2E3D0000FB28 /* WebViewController.m */; };
/* End PBXBuildFile section */

/* Begin PBXFileReference section */
		5239DDCA1CCA52780005F76C /* WalkTroughViewController.h */ = {isa = PBXFileReference; fileEncoding = 4; lastKnownFileType = sourcecode.c.h; path = WalkTroughViewController.h; sourceTree = "<group>"; };
		5239DDCB1CCA52780005F76C /* WalkTroughViewController.m */ = {isa = PBXFileReference; fileEncoding = 4; lastKnownFileType = sourcecode.c.objc; path = WalkTroughViewController.m; sourceTree = "<group>"; };
		529C92331CCA1799009C8936 /* Base */ = {isa = PBXFileReference; lastKnownFileType = file.storyboard; name = Base; path = Base.lproj/Main.storyboard; sourceTree = "<group>"; };
		529C92351CCA1BAF009C8936 /* TaskTableViewCell.h */ = {isa = PBXFileReference; fileEncoding = 4; lastKnownFileType = sourcecode.c.h; path = TaskTableViewCell.h; sourceTree = "<group>"; };
		529C92361CCA1BAF009C8936 /* TaskTableViewCell.m */ = {isa = PBXFileReference; fileEncoding = 4; lastKnownFileType = sourcecode.c.objc; path = TaskTableViewCell.m; sourceTree = "<group>"; };
		529C92381CCA1C4E009C8936 /* Constanc.h */ = {isa = PBXFileReference; lastKnownFileType = sourcecode.c.h; path = Constanc.h; sourceTree = "<group>"; };
		52B3AF3A1CCE3F8800529B95 /* WalktroughCollectionViewCell.h */ = {isa = PBXFileReference; fileEncoding = 4; lastKnownFileType = sourcecode.c.h; path = WalktroughCollectionViewCell.h; sourceTree = "<group>"; };
		52B3AF3B1CCE3F8800529B95 /* WalktroughCollectionViewCell.m */ = {isa = PBXFileReference; fileEncoding = 4; lastKnownFileType = sourcecode.c.objc; path = WalktroughCollectionViewCell.m; sourceTree = "<group>"; };
		52B3AF401CCE48E200529B95 /* WalkthroughItem.h */ = {isa = PBXFileReference; fileEncoding = 4; lastKnownFileType = sourcecode.c.h; path = WalkthroughItem.h; sourceTree = "<group>"; };
		52B3AF411CCE48E200529B95 /* WalkthroughItem.m */ = {isa = PBXFileReference; fileEncoding = 4; lastKnownFileType = sourcecode.c.objc; path = WalkthroughItem.m; sourceTree = "<group>"; };
		F40490251CE35A7000A68732 /* DataManager.h */ = {isa = PBXFileReference; fileEncoding = 4; lastKnownFileType = sourcecode.c.h; path = DataManager.h; sourceTree = "<group>"; };
		F40490261CE35A7000A68732 /* DataManager.m */ = {isa = PBXFileReference; fileEncoding = 4; lastKnownFileType = sourcecode.c.objc; path = DataManager.m; sourceTree = "<group>"; };
		F40490281CE35B4A00A68732 /* MapKit.framework */ = {isa = PBXFileReference; lastKnownFileType = wrapper.framework; name = MapKit.framework; path = System/Library/Frameworks/MapKit.framework; sourceTree = SDKROOT; };
		F404902A1CE35B5500A68732 /* CoreData.framework */ = {isa = PBXFileReference; lastKnownFileType = wrapper.framework; name = CoreData.framework; path = System/Library/Frameworks/CoreData.framework; sourceTree = SDKROOT; };
		F40810361CEC880D0072E7FE /* MenuView.h */ = {isa = PBXFileReference; fileEncoding = 4; lastKnownFileType = sourcecode.c.h; path = MenuView.h; sourceTree = "<group>"; };
		F40810371CEC880D0072E7FE /* MenuView.m */ = {isa = PBXFileReference; fileEncoding = 4; lastKnownFileType = sourcecode.c.objc; path = MenuView.m; sourceTree = "<group>"; };
		F40810391CEC88540072E7FE /* MenuView.xib */ = {isa = PBXFileReference; fileEncoding = 4; lastKnownFileType = file.xib; path = MenuView.xib; sourceTree = "<group>"; };
		F4131A4A1CF33D41008040DB /* Helpers.h */ = {isa = PBXFileReference; fileEncoding = 4; lastKnownFileType = sourcecode.c.h; path = Helpers.h; sourceTree = "<group>"; };
		F4131A4B1CF33D41008040DB /* Helpers.m */ = {isa = PBXFileReference; fileEncoding = 4; lastKnownFileType = sourcecode.c.objc; path = Helpers.m; sourceTree = "<group>"; };
		F42448DC1CF5DAB800B65F2F /* Task+CoreDataProperties.h */ = {isa = PBXFileReference; fileEncoding = 4; lastKnownFileType = sourcecode.c.h; path = "Task+CoreDataProperties.h"; sourceTree = "<group>"; };
		F42448DD1CF5DAB800B65F2F /* Task+CoreDataProperties.m */ = {isa = PBXFileReference; fileEncoding = 4; lastKnownFileType = sourcecode.c.objc; path = "Task+CoreDataProperties.m"; sourceTree = "<group>"; };
		F42448DE1CF5DAB800B65F2F /* Task.h */ = {isa = PBXFileReference; fileEncoding = 4; lastKnownFileType = sourcecode.c.h; path = Task.h; sourceTree = "<group>"; };
		F42448DF1CF5DAB800B65F2F /* Task.m */ = {isa = PBXFileReference; fileEncoding = 4; lastKnownFileType = sourcecode.c.objc; path = Task.m; sourceTree = "<group>"; };
		F440DBAB1CAC061400E335BF /* LoginViewController.h */ = {isa = PBXFileReference; fileEncoding = 4; lastKnownFileType = sourcecode.c.h; path = LoginViewController.h; sourceTree = "<group>"; };
		F440DBAC1CAC061400E335BF /* LoginViewController.m */ = {isa = PBXFileReference; fileEncoding = 4; lastKnownFileType = sourcecode.c.objc; path = LoginViewController.m; sourceTree = "<group>"; };
		F440DBAE1CAC08D500E335BF /* SignupViewController.h */ = {isa = PBXFileReference; fileEncoding = 4; lastKnownFileType = sourcecode.c.h; path = SignupViewController.h; sourceTree = "<group>"; };
		F440DBAF1CAC08D500E335BF /* SignupViewController.m */ = {isa = PBXFileReference; fileEncoding = 4; lastKnownFileType = sourcecode.c.objc; path = SignupViewController.m; sourceTree = "<group>"; };
		F44C77191CA9677F0077F1D3 /* ToDo.app */ = {isa = PBXFileReference; explicitFileType = wrapper.application; includeInIndex = 0; path = ToDo.app; sourceTree = BUILT_PRODUCTS_DIR; };
		F44C771D1CA9677F0077F1D3 /* main.m */ = {isa = PBXFileReference; lastKnownFileType = sourcecode.c.objc; path = main.m; sourceTree = "<group>"; };
		F44C771F1CA9677F0077F1D3 /* AppDelegate.h */ = {isa = PBXFileReference; lastKnownFileType = sourcecode.c.h; path = AppDelegate.h; sourceTree = "<group>"; };
		F44C77201CA9677F0077F1D3 /* AppDelegate.m */ = {isa = PBXFileReference; lastKnownFileType = sourcecode.c.objc; path = AppDelegate.m; sourceTree = "<group>"; };
		F44C77221CA9677F0077F1D3 /* ViewController.h */ = {isa = PBXFileReference; lastKnownFileType = sourcecode.c.h; path = ViewController.h; sourceTree = "<group>"; };
		F44C77231CA9677F0077F1D3 /* ViewController.m */ = {isa = PBXFileReference; lastKnownFileType = sourcecode.c.objc; path = ViewController.m; sourceTree = "<group>"; };
		F44C77291CA9677F0077F1D3 /* ToDo.xcdatamodel */ = {isa = PBXFileReference; lastKnownFileType = wrapper.xcdatamodel; path = ToDo.xcdatamodel; sourceTree = "<group>"; };
		F44C772B1CA9677F0077F1D3 /* Assets.xcassets */ = {isa = PBXFileReference; lastKnownFileType = folder.assetcatalog; path = Assets.xcassets; sourceTree = "<group>"; };
		F44C772E1CA9677F0077F1D3 /* Base */ = {isa = PBXFileReference; lastKnownFileType = file.storyboard; name = Base; path = Base.lproj/LaunchScreen.storyboard; sourceTree = "<group>"; };
		F44C77301CA9677F0077F1D3 /* Info.plist */ = {isa = PBXFileReference; lastKnownFileType = text.plist.xml; path = Info.plist; sourceTree = "<group>"; };
		F44C773B1CA974D50077F1D3 /* CoreLocation.framework */ = {isa = PBXFileReference; lastKnownFileType = wrapper.framework; name = CoreLocation.framework; path = System/Library/Frameworks/CoreLocation.framework; sourceTree = SDKROOT; };
		F4D1F4671CEF2B5900B28D04 /* TaskDetailsViewController.h */ = {isa = PBXFileReference; fileEncoding = 4; lastKnownFileType = sourcecode.c.h; path = TaskDetailsViewController.h; sourceTree = "<group>"; };
		F4D1F4681CEF2B5900B28D04 /* TaskDetailsViewController.m */ = {isa = PBXFileReference; fileEncoding = 4; lastKnownFileType = sourcecode.c.objc; path = TaskDetailsViewController.m; sourceTree = "<group>"; };
		F4D1F46A1CEF3F5D00B28D04 /* UIViewController+Utilities.h */ = {isa = PBXFileReference; fileEncoding = 4; lastKnownFileType = sourcecode.c.h; path = "UIViewController+Utilities.h"; sourceTree = "<group>"; };
		F4D1F46B1CEF3F5D00B28D04 /* UIViewController+Utilities.m */ = {isa = PBXFileReference; fileEncoding = 4; lastKnownFileType = sourcecode.c.objc; path = "UIViewController+Utilities.m"; sourceTree = "<group>"; };
		F4DF0AC41CB7ED36008C13AA /* HomeViewController.h */ = {isa = PBXFileReference; fileEncoding = 4; lastKnownFileType = sourcecode.c.h; path = HomeViewController.h; sourceTree = "<group>"; };
		F4DF0AC51CB7ED36008C13AA /* HomeViewController.m */ = {isa = PBXFileReference; fileEncoding = 4; lastKnownFileType = sourcecode.c.objc; path = HomeViewController.m; sourceTree = "<group>"; };
		F4F6B8E81CDA27B40000FB28 /* StatisticsViewController.h */ = {isa = PBXFileReference; fileEncoding = 4; lastKnownFileType = sourcecode.c.h; path = StatisticsViewController.h; sourceTree = "<group>"; };
		F4F6B8E91CDA27B40000FB28 /* StatisticsViewController.m */ = {isa = PBXFileReference; fileEncoding = 4; lastKnownFileType = sourcecode.c.objc; path = StatisticsViewController.m; sourceTree = "<group>"; };
		F4F6B8EC1CDA2E3D0000FB28 /* WebViewController.h */ = {isa = PBXFileReference; fileEncoding = 4; lastKnownFileType = sourcecode.c.h; path = WebViewController.h; sourceTree = "<group>"; };
		F4F6B8ED1CDA2E3D0000FB28 /* WebViewController.m */ = {isa = PBXFileReference; fileEncoding = 4; lastKnownFileType = sourcecode.c.objc; path = WebViewController.m; sourceTree = "<group>"; };
		F4F6B8EF1CDA35230000FB28 /* PrefixHeader.pch */ = {isa = PBXFileReference; lastKnownFileType = sourcecode.c.h; path = PrefixHeader.pch; sourceTree = "<group>"; };
/* End PBXFileReference section */

/* Begin PBXFrameworksBuildPhase section */
		F44C77161CA9677F0077F1D3 /* Frameworks */ = {
			isa = PBXFrameworksBuildPhase;
			buildActionMask = 2147483647;
			files = (
				F404902B1CE35B5500A68732 /* CoreData.framework in Frameworks */,
				F40490291CE35B4A00A68732 /* MapKit.framework in Frameworks */,
				F44C773C1CA974D50077F1D3 /* CoreLocation.framework in Frameworks */,
			);
			runOnlyForDeploymentPostprocessing = 0;
		};
/* End PBXFrameworksBuildPhase section */

/* Begin PBXGroup section */
		F40490241CE35A2C00A68732 /* Utilites */ = {
			isa = PBXGroup;
			children = (
				F40490251CE35A7000A68732 /* DataManager.h */,
				F40490261CE35A7000A68732 /* DataManager.m */,
			);
			name = Utilites;
			path = ToDo;
			sourceTree = "<group>";
		};
		F44C77101CA9677F0077F1D3 = {
			isa = PBXGroup;
			children = (
				F44C771B1CA9677F0077F1D3 /* ToDo */,
				F40490241CE35A2C00A68732 /* Utilites */,
				F44C773A1CA96C980077F1D3 /* Frameworks */,
				F44C771A1CA9677F0077F1D3 /* Products */,
			);
			sourceTree = "<group>";
		};
		F44C771A1CA9677F0077F1D3 /* Products */ = {
			isa = PBXGroup;
			children = (
				F44C77191CA9677F0077F1D3 /* ToDo.app */,
			);
			name = Products;
			sourceTree = "<group>";
		};
		F44C771B1CA9677F0077F1D3 /* ToDo */ = {
			isa = PBXGroup;
			children = (
				F44C77371CA96BF50077F1D3 /* Models */,
				F44C77381CA96C260077F1D3 /* Views */,
				F44C77391CA96C530077F1D3 /* Controllers */,
				F44C771C1CA9677F0077F1D3 /* Supporting Files */,
			);
			path = ToDo;
			sourceTree = "<group>";
		};
		F44C771C1CA9677F0077F1D3 /* Supporting Files */ = {
			isa = PBXGroup;
			children = (
				F44C77361CA96B690077F1D3 /* Application Delegate */,
				F44C772B1CA9677F0077F1D3 /* Assets.xcassets */,
				F44C77301CA9677F0077F1D3 /* Info.plist */,
				F44C771D1CA9677F0077F1D3 /* main.m */,
				F4F6B8EF1CDA35230000FB28 /* PrefixHeader.pch */,
			);
			name = "Supporting Files";
			sourceTree = "<group>";
		};
		F44C77361CA96B690077F1D3 /* Application Delegate */ = {
			isa = PBXGroup;
			children = (
				F44C771F1CA9677F0077F1D3 /* AppDelegate.h */,
				F44C77201CA9677F0077F1D3 /* AppDelegate.m */,
			);
			name = "Application Delegate";
			sourceTree = "<group>";
		};
		F44C77371CA96BF50077F1D3 /* Models */ = {
			isa = PBXGroup;
			children = (
				F42448DC1CF5DAB800B65F2F /* Task+CoreDataProperties.h */,
				F42448DD1CF5DAB800B65F2F /* Task+CoreDataProperties.m */,
				F42448DE1CF5DAB800B65F2F /* Task.h */,
				F42448DF1CF5DAB800B65F2F /* Task.m */,
				F44C77281CA9677F0077F1D3 /* ToDo.xcdatamodeld */,
			);
			name = Models;
			sourceTree = "<group>";
		};
		F44C77381CA96C260077F1D3 /* Views */ = {
			isa = PBXGroup;
			children = (
				F44C772D1CA9677F0077F1D3 /* LaunchScreen.storyboard */,
				529C92341CCA1799009C8936 /* Main.storyboard */,
				F40810361CEC880D0072E7FE /* MenuView.h */,
				F40810371CEC880D0072E7FE /* MenuView.m */,
				F40810391CEC88540072E7FE /* MenuView.xib */,
			);
			name = Views;
			sourceTree = "<group>";
		};
		F44C77391CA96C530077F1D3 /* Controllers */ = {
			isa = PBXGroup;
			children = (
				F4D1F46A1CEF3F5D00B28D04 /* UIViewController+Utilities.h */,
				F4D1F46B1CEF3F5D00B28D04 /* UIViewController+Utilities.m */,
				529C92381CCA1C4E009C8936 /* Constanc.h */,
				F4131A4A1CF33D41008040DB /* Helpers.h */,
				F4131A4B1CF33D41008040DB /* Helpers.m */,
				F44C77221CA9677F0077F1D3 /* ViewController.h */,
				F44C77231CA9677F0077F1D3 /* ViewController.m */,
				F440DBAB1CAC061400E335BF /* LoginViewController.h */,
				F440DBAC1CAC061400E335BF /* LoginViewController.m */,
				F440DBAE1CAC08D500E335BF /* SignupViewController.h */,
				F440DBAF1CAC08D500E335BF /* SignupViewController.m */,
				F4DF0AC41CB7ED36008C13AA /* HomeViewController.h */,
				F4DF0AC51CB7ED36008C13AA /* HomeViewController.m */,
				529C92351CCA1BAF009C8936 /* TaskTableViewCell.h */,
				529C92361CCA1BAF009C8936 /* TaskTableViewCell.m */,
				5239DDCA1CCA52780005F76C /* WalkTroughViewController.h */,
				5239DDCB1CCA52780005F76C /* WalkTroughViewController.m */,
				52B3AF3A1CCE3F8800529B95 /* WalktroughCollectionViewCell.h */,
				52B3AF3B1CCE3F8800529B95 /* WalktroughCollectionViewCell.m */,
				52B3AF401CCE48E200529B95 /* WalkthroughItem.h */,
				52B3AF411CCE48E200529B95 /* WalkthroughItem.m */,
				F4F6B8E81CDA27B40000FB28 /* StatisticsViewController.h */,
				F4F6B8E91CDA27B40000FB28 /* StatisticsViewController.m */,
				F4D1F4671CEF2B5900B28D04 /* TaskDetailsViewController.h */,
				F4D1F4681CEF2B5900B28D04 /* TaskDetailsViewController.m */,
				F4F6B8EC1CDA2E3D0000FB28 /* WebViewController.h */,
				F4F6B8ED1CDA2E3D0000FB28 /* WebViewController.m */,
			);
			name = Controllers;
			sourceTree = "<group>";
		};
		F44C773A1CA96C980077F1D3 /* Frameworks */ = {
			isa = PBXGroup;
			children = (
				F404902A1CE35B5500A68732 /* CoreData.framework */,
				F40490281CE35B4A00A68732 /* MapKit.framework */,
				F44C773B1CA974D50077F1D3 /* CoreLocation.framework */,
			);
			name = Frameworks;
			sourceTree = "<group>";
		};
/* End PBXGroup section */

/* Begin PBXNativeTarget section */
		F44C77181CA9677F0077F1D3 /* ToDo */ = {
			isa = PBXNativeTarget;
			buildConfigurationList = F44C77331CA9677F0077F1D3 /* Build configuration list for PBXNativeTarget "ToDo" */;
			buildPhases = (
				F44C77151CA9677F0077F1D3 /* Sources */,
				F44C77161CA9677F0077F1D3 /* Frameworks */,
				F44C77171CA9677F0077F1D3 /* Resources */,
			);
			buildRules = (
			);
			dependencies = (
			);
			name = ToDo;
			productName = ToDo;
			productReference = F44C77191CA9677F0077F1D3 /* ToDo.app */;
			productType = "com.apple.product-type.application";
		};
/* End PBXNativeTarget section */

/* Begin PBXProject section */
		F44C77111CA9677F0077F1D3 /* Project object */ = {
			isa = PBXProject;
			attributes = {
				LastUpgradeCheck = 0720;
				ORGANIZATIONNAME = "Cubes School 10";
				TargetAttributes = {
					F44C77181CA9677F0077F1D3 = {
						CreatedOnToolsVersion = 7.2.1;
					};
				};
			};
			buildConfigurationList = F44C77141CA9677F0077F1D3 /* Build configuration list for PBXProject "ToDo" */;
			compatibilityVersion = "Xcode 3.2";
			developmentRegion = English;
			hasScannedForEncodings = 0;
			knownRegions = (
				en,
				Base,
			);
			mainGroup = F44C77101CA9677F0077F1D3;
			productRefGroup = F44C771A1CA9677F0077F1D3 /* Products */;
			projectDirPath = "";
			projectRoot = "";
			targets = (
				F44C77181CA9677F0077F1D3 /* ToDo */,
			);
		};
/* End PBXProject section */

/* Begin PBXResourcesBuildPhase section */
		F44C77171CA9677F0077F1D3 /* Resources */ = {
			isa = PBXResourcesBuildPhase;
			buildActionMask = 2147483647;
			files = (
				529C92321CCA1799009C8936 /* Main.storyboard in Resources */,
				F408103A1CEC88540072E7FE /* MenuView.xib in Resources */,
				F44C772F1CA9677F0077F1D3 /* LaunchScreen.storyboard in Resources */,
				F44C772C1CA9677F0077F1D3 /* Assets.xcassets in Resources */,
			);
			runOnlyForDeploymentPostprocessing = 0;
		};
/* End PBXResourcesBuildPhase section */

/* Begin PBXSourcesBuildPhase section */
		F44C77151CA9677F0077F1D3 /* Sources */ = {
			isa = PBXSourcesBuildPhase;
			buildActionMask = 2147483647;
			files = (
				F42448E11CF5DAB800B65F2F /* Task.m in Sources */,
				F440DBB01CAC08D500E335BF /* SignupViewController.m in Sources */,
				F44C77241CA9677F0077F1D3 /* ViewController.m in Sources */,
				F44C77211CA9677F0077F1D3 /* AppDelegate.m in Sources */,
				F4F6B8EA1CDA27B40000FB28 /* StatisticsViewController.m in Sources */,
				F40810381CEC880D0072E7FE /* MenuView.m in Sources */,
				F42448E01CF5DAB800B65F2F /* Task+CoreDataProperties.m in Sources */,
				F44C771E1CA9677F0077F1D3 /* main.m in Sources */,
				F4131A4C1CF33D41008040DB /* Helpers.m in Sources */,
				529C92371CCA1BAF009C8936 /* TaskTableViewCell.m in Sources */,
				F4D1F46C1CEF3F5D00B28D04 /* UIViewController+Utilities.m in Sources */,
				F4D1F4691CEF2B5900B28D04 /* TaskDetailsViewController.m in Sources */,
				F4F6B8EE1CDA2E3D0000FB28 /* WebViewController.m in Sources */,
				F44C772A1CA9677F0077F1D3 /* ToDo.xcdatamodeld in Sources */,
				52B3AF3C1CCE3F8800529B95 /* WalktroughCollectionViewCell.m in Sources */,
				5239DDCC1CCA52780005F76C /* WalkTroughViewController.m in Sources */,
				F4DF0AC61CB7ED36008C13AA /* HomeViewController.m in Sources */,
				F40490271CE35A7000A68732 /* DataManager.m in Sources */,
				52B3AF421CCE48E200529B95 /* WalkthroughItem.m in Sources */,
				F440DBAD1CAC061400E335BF /* LoginViewController.m in Sources */,
			);
			runOnlyForDeploymentPostprocessing = 0;
		};
/* End PBXSourcesBuildPhase section */

/* Begin PBXVariantGroup section */
		529C92341CCA1799009C8936 /* Main.storyboard */ = {
			isa = PBXVariantGroup;
			children = (
				529C92331CCA1799009C8936 /* Base */,
			);
			name = Main.storyboard;
			sourceTree = "<group>";
		};
		F44C772D1CA9677F0077F1D3 /* LaunchScreen.storyboard */ = {
			isa = PBXVariantGroup;
			children = (
				F44C772E1CA9677F0077F1D3 /* Base */,
			);
			name = LaunchScreen.storyboard;
			sourceTree = "<group>";
		};
/* End PBXVariantGroup section */

/* Begin XCBuildConfiguration section */
		F44C77311CA9677F0077F1D3 /* Debug */ = {
			isa = XCBuildConfiguration;
			buildSettings = {
				ALWAYS_SEARCH_USER_PATHS = NO;
				CLANG_CXX_LANGUAGE_STANDARD = "gnu++0x";
				CLANG_CXX_LIBRARY = "libc++";
				CLANG_ENABLE_MODULES = YES;
				CLANG_ENABLE_OBJC_ARC = YES;
				CLANG_WARN_BOOL_CONVERSION = YES;
				CLANG_WARN_CONSTANT_CONVERSION = YES;
				CLANG_WARN_DIRECT_OBJC_ISA_USAGE = YES_ERROR;
				CLANG_WARN_EMPTY_BODY = YES;
				CLANG_WARN_ENUM_CONVERSION = YES;
				CLANG_WARN_INT_CONVERSION = YES;
				CLANG_WARN_OBJC_ROOT_CLASS = YES_ERROR;
				CLANG_WARN_UNREACHABLE_CODE = YES;
				CLANG_WARN__DUPLICATE_METHOD_MATCH = YES;
				"CODE_SIGN_IDENTITY[sdk=iphoneos*]" = "iPhone Developer";
				COPY_PHASE_STRIP = NO;
				DEBUG_INFORMATION_FORMAT = dwarf;
				ENABLE_STRICT_OBJC_MSGSEND = YES;
				ENABLE_TESTABILITY = YES;
				GCC_C_LANGUAGE_STANDARD = gnu99;
				GCC_DYNAMIC_NO_PIC = NO;
				GCC_NO_COMMON_BLOCKS = YES;
				GCC_OPTIMIZATION_LEVEL = 0;
				GCC_PREPROCESSOR_DEFINITIONS = (
					"DEBUG=1",
					"$(inherited)",
				);
				GCC_WARN_64_TO_32_BIT_CONVERSION = YES;
				GCC_WARN_ABOUT_RETURN_TYPE = YES_ERROR;
				GCC_WARN_UNDECLARED_SELECTOR = YES;
				GCC_WARN_UNINITIALIZED_AUTOS = YES_AGGRESSIVE;
				GCC_WARN_UNUSED_FUNCTION = YES;
				GCC_WARN_UNUSED_VARIABLE = YES;
				IPHONEOS_DEPLOYMENT_TARGET = 9.2;
				MTL_ENABLE_DEBUG_INFO = YES;
				ONLY_ACTIVE_ARCH = YES;
				SDKROOT = iphoneos;
			};
			name = Debug;
		};
		F44C77321CA9677F0077F1D3 /* Release */ = {
			isa = XCBuildConfiguration;
			buildSettings = {
				ALWAYS_SEARCH_USER_PATHS = NO;
				CLANG_CXX_LANGUAGE_STANDARD = "gnu++0x";
				CLANG_CXX_LIBRARY = "libc++";
				CLANG_ENABLE_MODULES = YES;
				CLANG_ENABLE_OBJC_ARC = YES;
				CLANG_WARN_BOOL_CONVERSION = YES;
				CLANG_WARN_CONSTANT_CONVERSION = YES;
				CLANG_WARN_DIRECT_OBJC_ISA_USAGE = YES_ERROR;
				CLANG_WARN_EMPTY_BODY = YES;
				CLANG_WARN_ENUM_CONVERSION = YES;
				CLANG_WARN_INT_CONVERSION = YES;
				CLANG_WARN_OBJC_ROOT_CLASS = YES_ERROR;
				CLANG_WARN_UNREACHABLE_CODE = YES;
				CLANG_WARN__DUPLICATE_METHOD_MATCH = YES;
				"CODE_SIGN_IDENTITY[sdk=iphoneos*]" = "iPhone Developer";
				COPY_PHASE_STRIP = NO;
				DEBUG_INFORMATION_FORMAT = "dwarf-with-dsym";
				ENABLE_NS_ASSERTIONS = NO;
				ENABLE_STRICT_OBJC_MSGSEND = YES;
				GCC_C_LANGUAGE_STANDARD = gnu99;
				GCC_NO_COMMON_BLOCKS = YES;
				GCC_WARN_64_TO_32_BIT_CONVERSION = YES;
				GCC_WARN_ABOUT_RETURN_TYPE = YES_ERROR;
				GCC_WARN_UNDECLARED_SELECTOR = YES;
				GCC_WARN_UNINITIALIZED_AUTOS = YES_AGGRESSIVE;
				GCC_WARN_UNUSED_FUNCTION = YES;
				GCC_WARN_UNUSED_VARIABLE = YES;
				IPHONEOS_DEPLOYMENT_TARGET = 9.2;
				MTL_ENABLE_DEBUG_INFO = NO;
				SDKROOT = iphoneos;
				VALIDATE_PRODUCT = YES;
			};
			name = Release;
		};
		F44C77341CA9677F0077F1D3 /* Debug */ = {
			isa = XCBuildConfiguration;
			buildSettings = {
				ASSETCATALOG_COMPILER_APPICON_NAME = AppIcon;
				ASSETCATALOG_COMPILER_LAUNCHIMAGE_NAME = "Brand Assets";
				CODE_SIGN_IDENTITY = "iPhone Developer";
				GCC_PREFIX_HEADER = $PROJECT_NAME/PrefixHeader.pch;
				INFOPLIST_FILE = ToDo/Info.plist;
				LD_RUNPATH_SEARCH_PATHS = "$(inherited) @executable_path/Frameworks";
				PRODUCT_BUNDLE_IDENTIFIER = rs.cubes.ToDo;
				PRODUCT_NAME = "$(TARGET_NAME)";
			};
			name = Debug;
		};
		F44C77351CA9677F0077F1D3 /* Release */ = {
			isa = XCBuildConfiguration;
			buildSettings = {
				ASSETCATALOG_COMPILER_APPICON_NAME = AppIcon;
				ASSETCATALOG_COMPILER_LAUNCHIMAGE_NAME = "Brand Assets";
				CODE_SIGN_IDENTITY = "iPhone Developer";
				GCC_PREFIX_HEADER = $PROJECT_NAME/PrefixHeader.pch;
				INFOPLIST_FILE = ToDo/Info.plist;
				LD_RUNPATH_SEARCH_PATHS = "$(inherited) @executable_path/Frameworks";
				PRODUCT_BUNDLE_IDENTIFIER = rs.cubes.ToDo;
				PRODUCT_NAME = "$(TARGET_NAME)";
			};
			name = Release;
		};
/* End XCBuildConfiguration section */

/* Begin XCConfigurationList section */
		F44C77141CA9677F0077F1D3 /* Build configuration list for PBXProject "ToDo" */ = {
			isa = XCConfigurationList;
			buildConfigurations = (
				F44C77311CA9677F0077F1D3 /* Debug */,
				F44C77321CA9677F0077F1D3 /* Release */,
			);
			defaultConfigurationIsVisible = 0;
			defaultConfigurationName = Release;
		};
		F44C77331CA9677F0077F1D3 /* Build configuration list for PBXNativeTarget "ToDo" */ = {
			isa = XCConfigurationList;
			buildConfigurations = (
				F44C77341CA9677F0077F1D3 /* Debug */,
				F44C77351CA9677F0077F1D3 /* Release */,
			);
			defaultConfigurationIsVisible = 0;
			defaultConfigurationName = Release;
		};
/* End XCConfigurationList section */

/* Begin XCVersionGroup section */
		F44C77281CA9677F0077F1D3 /* ToDo.xcdatamodeld */ = {
			isa = XCVersionGroup;
			children = (
				F44C77291CA9677F0077F1D3 /* ToDo.xcdatamodel */,
			);
			currentVersion = F44C77291CA9677F0077F1D3 /* ToDo.xcdatamodel */;
			path = ToDo.xcdatamodeld;
			sourceTree = "<group>";
			versionGroupType = wrapper.xcdatamodel;
		};
/* End XCVersionGroup section */
	};
	rootObject = F44C77111CA9677F0077F1D3 /* Project object */;
}
